
Microsoft Visual Studio Solution File, Format Version 12.00
# Visual Studio Version 16
VisualStudioVersion = 16.0.31727.386
MinimumVisualStudioVersion = 10.0.40219.1
Project("{FAE04EC0-301F-11D3-BF4B-00C04F79EFBC}") = "at yarışı", "at yarışı\at yarışı.csproj", "{41C82C40-4674-4A81-BB80-03DB91A109B3}"
EndProject
Global
	GlobalSection(SolutionConfigurationPlatforms) = preSolution
		Debug|Any CPU = Debug|Any CPU
		Release|Any CPU = Release|Any CPU
	EndGlobalSection
	GlobalSection(ProjectConfigurationPlatforms) = postSolution
		{41C82C40-4674-4A81-BB80-03DB91A109B3}.Debug|Any CPU.ActiveCfg = Debug|Any CPU
		{41C82C40-4674-4A81-BB80-03DB91A109B3}.Debug|Any CPU.Build.0 = Debug|Any CPU
		{41C82C40-4674-4A81-BB80-03DB91A109B3}.Release|Any CPU.ActiveCfg = Release|Any CPU
		{41C82C40-4674-4A81-BB80-03DB91A109B3}.Release|Any CPU.Build.0 = Release|Any CPU
	EndGlobalSection
	GlobalSection(SolutionProperties) = preSolution
		HideSolutionNode = FALSE
	EndGlobalSection
	GlobalSection(ExtensibilityGlobals) = postSolution
		SolutionGuid = {0CBF22F2-1C5C-465A-8E73-C03858D2B82B}
	EndGlobalSection
EndGlobal
